
Microsoft Visual Studio Solution File, Format Version 12.00
# Visual Studio Version 17
VisualStudioVersion = 17.4.33110.190
MinimumVisualStudioVersion = 10.0.40219.1
Project("{9A19103F-16F7-4668-BE54-9A1E7A4F7556}") = "Catharsis.Commons.Core", "Catharsis.Commons.Core\Catharsis.Commons.Core.csproj", "{1A065840-383D-4F41-B881-09C4CE4A1DCC}"
EndProject
Project("{9A19103F-16F7-4668-BE54-9A1E7A4F7556}") = "Catharsis.Commons.Standard", "Catharsis.Commons.Standard\Catharsis.Commons.Standard.csproj", "{6D36361A-126B-4F6B-8CBF-7E4129719C3D}"
EndProject
Project("{9A19103F-16F7-4668-BE54-9A1E7A4F7556}") = "Catharsis.Commons.Tests", "Catharsis.Commons.Tests\Catharsis.Commons.Tests.csproj", "{C4F71712-8394-405F-9653-EB48DDE88540}"
EndProject
Global
	GlobalSection(SolutionConfigurationPlatforms) = preSolution
		Debug|Any CPU = Debug|Any CPU
		Release|Any CPU = Release|Any CPU
	EndGlobalSection
	GlobalSection(ProjectConfigurationPlatforms) = postSolution
		{1A065840-383D-4F41-B881-09C4CE4A1DCC}.Debug|Any CPU.ActiveCfg = Debug|Any CPU
		{1A065840-383D-4F41-B881-09C4CE4A1DCC}.Debug|Any CPU.Build.0 = Debug|Any CPU
		{1A065840-383D-4F41-B881-09C4CE4A1DCC}.Release|Any CPU.ActiveCfg = Release|Any CPU
		{1A065840-383D-4F41-B881-09C4CE4A1DCC}.Release|Any CPU.Build.0 = Release|Any CPU
		{6D36361A-126B-4F6B-8CBF-7E4129719C3D}.Debug|Any CPU.ActiveCfg = Debug|Any CPU
		{6D36361A-126B-4F6B-8CBF-7E4129719C3D}.Debug|Any CPU.Build.0 = Debug|Any CPU
		{6D36361A-126B-4F6B-8CBF-7E4129719C3D}.Release|Any CPU.ActiveCfg = Release|Any CPU
		{6D36361A-126B-4F6B-8CBF-7E4129719C3D}.Release|Any CPU.Build.0 = Release|Any CPU
		{C4F71712-8394-405F-9653-EB48DDE88540}.Debug|Any CPU.ActiveCfg = Debug|Any CPU
		{C4F71712-8394-405F-9653-EB48DDE88540}.Debug|Any CPU.Build.0 = Debug|Any CPU
		{C4F71712-8394-405F-9653-EB48DDE88540}.Release|Any CPU.ActiveCfg = Release|Any CPU
		{C4F71712-8394-405F-9653-EB48DDE88540}.Release|Any CPU.Build.0 = Release|Any CPU
	EndGlobalSection
	GlobalSection(SolutionProperties) = preSolution
		HideSolutionNode = FALSE
	EndGlobalSection
	GlobalSection(ExtensibilityGlobals) = postSolution
		SolutionGuid = {EECF7CEB-08CC-4A72-85AD-00488133D672}
	EndGlobalSection
EndGlobal
