
Microsoft Visual Studio Solution File, Format Version 12.00
# Visual Studio Version 17
VisualStudioVersion = 17.4.33110.190
MinimumVisualStudioVersion = 10.0.40219.1
Project("{9A19103F-16F7-4668-BE54-9A1E7A4F7556}") = "Catharsis.Conversions.Core", "Catharsis.Conversions.Core\Catharsis.Conversions.Core.csproj", "{1E9CECE3-E2AE-41FB-83D2-7378006202BB}"
EndProject
Project("{9A19103F-16F7-4668-BE54-9A1E7A4F7556}") = "Catharsis.Conversions.Standard", "Catharsis.Conversions.Standard\Catharsis.Conversions.Standard.csproj", "{62CFBBF2-22D7-4700-ACF6-54B3303F5151}"
EndProject
Project("{9A19103F-16F7-4668-BE54-9A1E7A4F7556}") = "Catharsis.Conversions.Tests", "Catharsis.Conversions.Tests\Catharsis.Conversions.Tests.csproj", "{8FB93763-BC93-4844-B650-8E327D31AE6D}"
EndProject
Global
	GlobalSection(SolutionConfigurationPlatforms) = preSolution
		Debug|Any CPU = Debug|Any CPU
		Release|Any CPU = Release|Any CPU
	EndGlobalSection
	GlobalSection(ProjectConfigurationPlatforms) = postSolution
		{1E9CECE3-E2AE-41FB-83D2-7378006202BB}.Debug|Any CPU.ActiveCfg = Debug|Any CPU
		{1E9CECE3-E2AE-41FB-83D2-7378006202BB}.Debug|Any CPU.Build.0 = Debug|Any CPU
		{1E9CECE3-E2AE-41FB-83D2-7378006202BB}.Release|Any CPU.ActiveCfg = Release|Any CPU
		{1E9CECE3-E2AE-41FB-83D2-7378006202BB}.Release|Any CPU.Build.0 = Release|Any CPU
		{62CFBBF2-22D7-4700-ACF6-54B3303F5151}.Debug|Any CPU.ActiveCfg = Debug|Any CPU
		{62CFBBF2-22D7-4700-ACF6-54B3303F5151}.Debug|Any CPU.Build.0 = Debug|Any CPU
		{62CFBBF2-22D7-4700-ACF6-54B3303F5151}.Release|Any CPU.ActiveCfg = Release|Any CPU
		{62CFBBF2-22D7-4700-ACF6-54B3303F5151}.Release|Any CPU.Build.0 = Release|Any CPU
		{8FB93763-BC93-4844-B650-8E327D31AE6D}.Debug|Any CPU.ActiveCfg = Debug|Any CPU
		{8FB93763-BC93-4844-B650-8E327D31AE6D}.Debug|Any CPU.Build.0 = Debug|Any CPU
		{8FB93763-BC93-4844-B650-8E327D31AE6D}.Release|Any CPU.ActiveCfg = Release|Any CPU
		{8FB93763-BC93-4844-B650-8E327D31AE6D}.Release|Any CPU.Build.0 = Release|Any CPU
	EndGlobalSection
	GlobalSection(SolutionProperties) = preSolution
		HideSolutionNode = FALSE
	EndGlobalSection
	GlobalSection(ExtensibilityGlobals) = postSolution
		SolutionGuid = {EECF7CEB-08CC-4A72-85AD-00488133D672}
	EndGlobalSection
EndGlobal
